{
  "name": "ember-cli-deploy-change-log",
  "version": "0.0.9",
  "lockfileVersion": 1,
  "requires": true,
  "dependencies": {
    "rsvp": {
      "version": "4.8.4",
      "resolved": "https://registry.npmjs.org/rsvp/-/rsvp-4.8.4.tgz",
      "integrity": "sha512-6FomvYPfs+Jy9TfXmBpBuMWNH94SgCsZmJKcanySzgNNP6LjWxBvyLTa9KaMfDDM5oxRfrKDB0r/qeRsLwnBfA=="
    }
  }
}
